
Microsoft Visual Studio Solution File, Format Version 10.00
# Visual Studio 2008
Project("{FAE04EC0-301F-11D3-BF4B-00C04F79EFBC}") = "Tests", "Tests\Tests.csproj", "{723DFC95-C58B-485E-9521-1F101D2E383D}"
EndProject
Project("{FAE04EC0-301F-11D3-BF4B-00C04F79EFBC}") = "NHaml", "NHaml\NHaml.csproj", "{F213E7BF-97C5-43BD-8F62-ADA128DCEB4F}"
EndProject
Project("{FAE04EC0-301F-11D3-BF4B-00C04F79EFBC}") = "ViewEngine", "ViewEngine\ViewEngine.csproj", "{663D5513-0E97-4E39-8AA9-D810413F1C88}"
EndProject
Project("{FAE04EC0-301F-11D3-BF4B-00C04F79EFBC}") = "TestApp", "TestApp\TestApp.csproj", "{9FDCA2CD-11B3-4314-9A89-8BDBC9C609B7}"
EndProject
Global
	GlobalSection(SolutionConfigurationPlatforms) = preSolution
		Debug|Any CPU = Debug|Any CPU
		Release|Any CPU = Release|Any CPU
	EndGlobalSection
	GlobalSection(ProjectConfigurationPlatforms) = postSolution
		{723DFC95-C58B-485E-9521-1F101D2E383D}.Debug|Any CPU.ActiveCfg = Debug|Any CPU
		{723DFC95-C58B-485E-9521-1F101D2E383D}.Debug|Any CPU.Build.0 = Debug|Any CPU
		{723DFC95-C58B-485E-9521-1F101D2E383D}.Release|Any CPU.ActiveCfg = Release|Any CPU
		{723DFC95-C58B-485E-9521-1F101D2E383D}.Release|Any CPU.Build.0 = Release|Any CPU
		{F213E7BF-97C5-43BD-8F62-ADA128DCEB4F}.Debug|Any CPU.ActiveCfg = Debug|Any CPU
		{F213E7BF-97C5-43BD-8F62-ADA128DCEB4F}.Debug|Any CPU.Build.0 = Debug|Any CPU
		{F213E7BF-97C5-43BD-8F62-ADA128DCEB4F}.Release|Any CPU.ActiveCfg = Release|Any CPU
		{F213E7BF-97C5-43BD-8F62-ADA128DCEB4F}.Release|Any CPU.Build.0 = Release|Any CPU
		{663D5513-0E97-4E39-8AA9-D810413F1C88}.Debug|Any CPU.ActiveCfg = Debug|Any CPU
		{663D5513-0E97-4E39-8AA9-D810413F1C88}.Debug|Any CPU.Build.0 = Debug|Any CPU
		{663D5513-0E97-4E39-8AA9-D810413F1C88}.Release|Any CPU.ActiveCfg = Release|Any CPU
		{663D5513-0E97-4E39-8AA9-D810413F1C88}.Release|Any CPU.Build.0 = Release|Any CPU
		{9FDCA2CD-11B3-4314-9A89-8BDBC9C609B7}.Debug|Any CPU.ActiveCfg = Debug|Any CPU
		{9FDCA2CD-11B3-4314-9A89-8BDBC9C609B7}.Debug|Any CPU.Build.0 = Debug|Any CPU
		{9FDCA2CD-11B3-4314-9A89-8BDBC9C609B7}.Release|Any CPU.ActiveCfg = Release|Any CPU
		{9FDCA2CD-11B3-4314-9A89-8BDBC9C609B7}.Release|Any CPU.Build.0 = Release|Any CPU
	EndGlobalSection
	GlobalSection(SolutionProperties) = preSolution
		HideSolutionNode = FALSE
	EndGlobalSection
EndGlobal
